
Microsoft Visual Studio Solution File, Format Version 12.00
# Visual Studio 15
VisualStudioVersion = 15.0.27703.2035
MinimumVisualStudioVersion = 10.0.40219.1
Project("{FAE04EC0-301F-11D3-BF4B-00C04F79EFBC}") = "ConsoleApp19", "ConsoleApp19\ConsoleApp19.csproj", "{2B66FCC4-8876-4F74-9E4D-4FB8EA4B022B}"
EndProject
Global
	GlobalSection(SolutionConfigurationPlatforms) = preSolution
		Debug|Any CPU = Debug|Any CPU
		Release|Any CPU = Release|Any CPU
	EndGlobalSection
	GlobalSection(ProjectConfigurationPlatforms) = postSolution
		{2B66FCC4-8876-4F74-9E4D-4FB8EA4B022B}.Debug|Any CPU.ActiveCfg = Debug|Any CPU
		{2B66FCC4-8876-4F74-9E4D-4FB8EA4B022B}.Debug|Any CPU.Build.0 = Debug|Any CPU
		{2B66FCC4-8876-4F74-9E4D-4FB8EA4B022B}.Release|Any CPU.ActiveCfg = Release|Any CPU
		{2B66FCC4-8876-4F74-9E4D-4FB8EA4B022B}.Release|Any CPU.Build.0 = Release|Any CPU
	EndGlobalSection
	GlobalSection(SolutionProperties) = preSolution
		HideSolutionNode = FALSE
	EndGlobalSection
	GlobalSection(ExtensibilityGlobals) = postSolution
		SolutionGuid = {20A39003-15BA-4B20-8AF9-5BA652CCE857}
	EndGlobalSection
EndGlobal
